
Microsoft Visual Studio Solution File, Format Version 12.00
# Visual Studio 14
VisualStudioVersion = 14.0.23107.0
MinimumVisualStudioVersion = 10.0.40219.1
Project("{FAE04EC0-301F-11D3-BF4B-00C04F79EFBC}") = "Note Pad", "Note Pad\Note Pad.csproj", "{78F6B389-0541-4E25-935D-A013B6936B8A}"
EndProject
Global
	GlobalSection(SolutionConfigurationPlatforms) = preSolution
		Debug|Any CPU = Debug|Any CPU
		Release|Any CPU = Release|Any CPU
	EndGlobalSection
	GlobalSection(ProjectConfigurationPlatforms) = postSolution
		{78F6B389-0541-4E25-935D-A013B6936B8A}.Debug|Any CPU.ActiveCfg = Debug|Any CPU
		{78F6B389-0541-4E25-935D-A013B6936B8A}.Debug|Any CPU.Build.0 = Debug|Any CPU
		{78F6B389-0541-4E25-935D-A013B6936B8A}.Release|Any CPU.ActiveCfg = Release|Any CPU
		{78F6B389-0541-4E25-935D-A013B6936B8A}.Release|Any CPU.Build.0 = Release|Any CPU
	EndGlobalSection
	GlobalSection(SolutionProperties) = preSolution
		HideSolutionNode = FALSE
	EndGlobalSection
EndGlobal
